
Microsoft Visual Studio Solution File, Format Version 12.00
# Visual Studio Version 17
VisualStudioVersion = 17.8.34322.80
MinimumVisualStudioVersion = 10.0.40219.1
Project("{9A19103F-16F7-4668-BE54-9A1E7A4F7556}") = "ApiSportTogether", "ApitSportTogether\ApiSportTogether.csproj", "{EDA223CB-DEE0-499D-907D-03AD38BA233B}"
EndProject
Project("{9A19103F-16F7-4668-BE54-9A1E7A4F7556}") = "ApiSportTogether.model", "ApiSportTogether.model\ApiSportTogether.model.csproj", "{064EF7D1-CB78-45F7-86E3-1BAA18EA97AA}"
EndProject
Project("{FAE04EC0-301F-11D3-BF4B-00C04F79EFBC}") = "SportTogetherBlazor", "SportTogetherBlazor\SportTogetherBlazor.csproj", "{5DF02D93-6300-45CF-A76D-C50C9A2F9167}"
EndProject
Global
	GlobalSection(SolutionConfigurationPlatforms) = preSolution
		Debug|Any CPU = Debug|Any CPU
		Release|Any CPU = Release|Any CPU
	EndGlobalSection
	GlobalSection(ProjectConfigurationPlatforms) = postSolution
		{EDA223CB-DEE0-499D-907D-03AD38BA233B}.Debug|Any CPU.ActiveCfg = Debug|Any CPU
		{EDA223CB-DEE0-499D-907D-03AD38BA233B}.Debug|Any CPU.Build.0 = Debug|Any CPU
		{EDA223CB-DEE0-499D-907D-03AD38BA233B}.Release|Any CPU.ActiveCfg = Release|Any CPU
		{EDA223CB-DEE0-499D-907D-03AD38BA233B}.Release|Any CPU.Build.0 = Release|Any CPU
		{064EF7D1-CB78-45F7-86E3-1BAA18EA97AA}.Debug|Any CPU.ActiveCfg = Debug|Any CPU
		{064EF7D1-CB78-45F7-86E3-1BAA18EA97AA}.Debug|Any CPU.Build.0 = Debug|Any CPU
		{064EF7D1-CB78-45F7-86E3-1BAA18EA97AA}.Release|Any CPU.ActiveCfg = Release|Any CPU
		{064EF7D1-CB78-45F7-86E3-1BAA18EA97AA}.Release|Any CPU.Build.0 = Release|Any CPU
		{5DF02D93-6300-45CF-A76D-C50C9A2F9167}.Debug|Any CPU.ActiveCfg = Debug|Any CPU
		{5DF02D93-6300-45CF-A76D-C50C9A2F9167}.Debug|Any CPU.Build.0 = Debug|Any CPU
		{5DF02D93-6300-45CF-A76D-C50C9A2F9167}.Release|Any CPU.ActiveCfg = Release|Any CPU
		{5DF02D93-6300-45CF-A76D-C50C9A2F9167}.Release|Any CPU.Build.0 = Release|Any CPU
	EndGlobalSection
	GlobalSection(SolutionProperties) = preSolution
		HideSolutionNode = FALSE
	EndGlobalSection
	GlobalSection(ExtensibilityGlobals) = postSolution
		SolutionGuid = {F57DAA10-1DAA-453D-8FDB-E42DD83B8681}
	EndGlobalSection
EndGlobal
